
Microsoft Visual Studio Solution File, Format Version 12.00
# Visual Studio 14
VisualStudioVersion = 14.0.23107.0
MinimumVisualStudioVersion = 10.0.40219.1
Project("{FAE04EC0-301F-11D3-BF4B-00C04F79EFBC}") = "MVCBOMM", "MVCBOMM\MVCBOMM.csproj", "{DBEADFD4-4AA8-46A6-B12C-7A5A365837F3}"
EndProject
Project("{FAE04EC0-301F-11D3-BF4B-00C04F79EFBC}") = "BusinnesLayerAsModel", "BusinnesLayerAsModel\BusinnesLayerAsModel.csproj", "{ED5D8666-8B5E-4FD8-A551-C339329064CF}"
EndProject
Global
	GlobalSection(SolutionConfigurationPlatforms) = preSolution
		Debug|Any CPU = Debug|Any CPU
		Release|Any CPU = Release|Any CPU
	EndGlobalSection
	GlobalSection(ProjectConfigurationPlatforms) = postSolution
		{DBEADFD4-4AA8-46A6-B12C-7A5A365837F3}.Debug|Any CPU.ActiveCfg = Debug|Any CPU
		{DBEADFD4-4AA8-46A6-B12C-7A5A365837F3}.Debug|Any CPU.Build.0 = Debug|Any CPU
		{DBEADFD4-4AA8-46A6-B12C-7A5A365837F3}.Release|Any CPU.ActiveCfg = Release|Any CPU
		{DBEADFD4-4AA8-46A6-B12C-7A5A365837F3}.Release|Any CPU.Build.0 = Release|Any CPU
		{ED5D8666-8B5E-4FD8-A551-C339329064CF}.Debug|Any CPU.ActiveCfg = Debug|Any CPU
		{ED5D8666-8B5E-4FD8-A551-C339329064CF}.Debug|Any CPU.Build.0 = Debug|Any CPU
		{ED5D8666-8B5E-4FD8-A551-C339329064CF}.Release|Any CPU.ActiveCfg = Release|Any CPU
		{ED5D8666-8B5E-4FD8-A551-C339329064CF}.Release|Any CPU.Build.0 = Release|Any CPU
	EndGlobalSection
	GlobalSection(SolutionProperties) = preSolution
		HideSolutionNode = FALSE
	EndGlobalSection
EndGlobal
